// !$*UTF8*$!
{
	archiveVersion = 1;
	classes = {
	};
	objectVersion = 48;
	objects = {

/* Begin PBXBuildFile section */
		B0B3F5501F95237500AB08A0 /* MainFuzzy.cpp in Sources */ = {isa = PBXBuildFile; fileRef = B0B3F54B1F95237400AB08A0 /* MainFuzzy.cpp */; };
		B0B3F5561F95243500AB08A0 /* FuzzyLogic.cpp in Sources */ = {isa = PBXBuildFile; fileRef = B0B3F54E1F95237400AB08A0 /* FuzzyLogic.cpp */; };
		B0C0AE2D1F9549DE000D165F /* FuzzyTests.cpp in Sources */ = {isa = PBXBuildFile; fileRef = B0B3F5481F95236B00AB08A0 /* FuzzyTests.cpp */; };
		B0C0AE2E1F955A12000D165F /* CoreTests.cpp in Sources */ = {isa = PBXBuildFile; fileRef = B0B3F5321F95232100AB08A0 /* CoreTests.cpp */; };
/* End PBXBuildFile section */

/* Begin PBXCopyFilesBuildPhase section */
		B0BD34231F94F9B2004F4800 /* CopyFiles */ = {
			isa = PBXCopyFilesBuildPhase;
			buildActionMask = 2147483647;
			dstPath = /usr/share/man/man1/;
			dstSubfolderSpec = 0;
			files = (
			);
			runOnlyForDeploymentPostprocessing = 1;
		};
/* End PBXCopyFilesBuildPhase section */

/* Begin PBXFileReference section */
		B0ADEE911F960718007553AA /* NaryShadowExpression.h */ = {isa = PBXFileReference; lastKnownFileType = sourcecode.c.h; path = NaryShadowExpression.h; sourceTree = "<group>"; };
		B0B3F5251F95231E00AB08A0 /* ASSERT.h */ = {isa = PBXFileReference; lastKnownFileType = sourcecode.c.h; path = ASSERT.h; sourceTree = "<group>"; };
		B0B3F5271F95232100AB08A0 /* BinaryExpression.h */ = {isa = PBXFileReference; lastKnownFileType = sourcecode.c.h; path = BinaryExpression.h; sourceTree = "<group>"; };
		B0B3F5281F95232100AB08A0 /* BinaryExpressionModel.h */ = {isa = PBXFileReference; lastKnownFileType = sourcecode.c.h; path = BinaryExpressionModel.h; sourceTree = "<group>"; };
		B0B3F5291F95232100AB08A0 /* BinaryShadowExpression.h */ = {isa = PBXFileReference; lastKnownFileType = sourcecode.c.h; path = BinaryShadowExpression.h; sourceTree = "<group>"; };
		B0B3F52A1F95232100AB08A0 /* CogDefuzz.h */ = {isa = PBXFileReference; lastKnownFileType = sourcecode.c.h; path = CogDefuzz.h; sourceTree = "<group>"; };
		B0B3F52B1F95232100AB08A0 /* Evaluator.h */ = {isa = PBXFileReference; lastKnownFileType = sourcecode.c.h; path = Evaluator.h; sourceTree = "<group>"; };
		B0B3F52C1F95232100AB08A0 /* Expression.h */ = {isa = PBXFileReference; lastKnownFileType = sourcecode.c.h; path = Expression.h; sourceTree = "<group>"; };
		B0B3F52D1F95232100AB08A0 /* ExpressionFactory.h */ = {isa = PBXFileReference; lastKnownFileType = sourcecode.c.h; path = ExpressionFactory.h; sourceTree = "<group>"; };
		B0B3F52E1F95232100AB08A0 /* FuzzyFactory.h */ = {isa = PBXFileReference; lastKnownFileType = sourcecode.c.h; path = FuzzyFactory.h; sourceTree = "<group>"; };
		B0B3F52F1F95232100AB08A0 /* MandaniDefuzz.h */ = {isa = PBXFileReference; lastKnownFileType = sourcecode.c.h; path = MandaniDefuzz.h; sourceTree = "<group>"; };
		B0B3F5301F95232100AB08A0 /* NaryExpression.h */ = {isa = PBXFileReference; lastKnownFileType = sourcecode.c.h; path = NaryExpression.h; sourceTree = "<group>"; };
		B0B3F5311F95232100AB08A0 /* NaryExpressionModel.h */ = {isa = PBXFileReference; lastKnownFileType = sourcecode.c.h; path = NaryExpressionModel.h; sourceTree = "<group>"; };
		B0B3F5321F95232100AB08A0 /* CoreTests.cpp */ = {isa = PBXFileReference; lastKnownFileType = sourcecode.cpp.cpp; path = CoreTests.cpp; sourceTree = "<group>"; };
		B0B3F5331F95232100AB08A0 /* UnaryExpression.h */ = {isa = PBXFileReference; lastKnownFileType = sourcecode.c.h; path = UnaryExpression.h; sourceTree = "<group>"; };
		B0B3F5341F95232100AB08A0 /* UnaryExpressionModel.h */ = {isa = PBXFileReference; lastKnownFileType = sourcecode.c.h; path = UnaryExpressionModel.h; sourceTree = "<group>"; };
		B0B3F5351F95232100AB08A0 /* UnaryShadowExpression.h */ = {isa = PBXFileReference; lastKnownFileType = sourcecode.c.h; path = UnaryShadowExpression.h; sourceTree = "<group>"; };
		B0B3F5361F95232100AB08A0 /* ValueModel.h */ = {isa = PBXFileReference; lastKnownFileType = sourcecode.c.h; path = ValueModel.h; sourceTree = "<group>"; };
		B0B3F5391F95236B00AB08A0 /* AggMax.h */ = {isa = PBXFileReference; lastKnownFileType = sourcecode.c.h; path = AggMax.h; sourceTree = "<group>"; };
		B0B3F53A1F95236B00AB08A0 /* AggPlus.h */ = {isa = PBXFileReference; lastKnownFileType = sourcecode.c.h; path = AggPlus.h; sourceTree = "<group>"; };
		B0B3F53B1F95236B00AB08A0 /* AndMin.h */ = {isa = PBXFileReference; lastKnownFileType = sourcecode.c.h; path = AndMin.h; sourceTree = "<group>"; };
		B0B3F53C1F95236B00AB08A0 /* IsBell.h */ = {isa = PBXFileReference; lastKnownFileType = sourcecode.c.h; path = IsBell.h; sourceTree = "<group>"; };
		B0B3F53D1F95236B00AB08A0 /* IsGauss.h */ = {isa = PBXFileReference; lastKnownFileType = sourcecode.c.h; path = IsGauss.h; sourceTree = "<group>"; };
		B0B3F53E1F95236B00AB08A0 /* IsTrapeze.h */ = {isa = PBXFileReference; lastKnownFileType = sourcecode.c.h; path = IsTrapeze.h; sourceTree = "<group>"; };
		B0B3F53F1F95236B00AB08A0 /* IsTrapezeLeft.h */ = {isa = PBXFileReference; lastKnownFileType = sourcecode.c.h; path = IsTrapezeLeft.h; sourceTree = "<group>"; };
		B0B3F5401F95236B00AB08A0 /* IsTrapezeRight.h */ = {isa = PBXFileReference; lastKnownFileType = sourcecode.c.h; path = IsTrapezeRight.h; sourceTree = "<group>"; };
		B0B3F5411F95236B00AB08A0 /* IsTriangle.h */ = {isa = PBXFileReference; lastKnownFileType = sourcecode.c.h; path = IsTriangle.h; sourceTree = "<group>"; };
		B0B3F5421F95236B00AB08A0 /* IsZshaped.h */ = {isa = PBXFileReference; lastKnownFileType = sourcecode.c.h; path = IsZshaped.h; sourceTree = "<group>"; };
		B0B3F5431F95236B00AB08A0 /* NotMinus1.h */ = {isa = PBXFileReference; lastKnownFileType = sourcecode.c.h; path = NotMinus1.h; sourceTree = "<group>"; };
		B0B3F5441F95236B00AB08A0 /* Operators.h */ = {isa = PBXFileReference; lastKnownFileType = sourcecode.c.h; path = Operators.h; sourceTree = "<group>"; };
		B0B3F5451F95236B00AB08A0 /* OrMax.h */ = {isa = PBXFileReference; lastKnownFileType = sourcecode.c.h; path = OrMax.h; sourceTree = "<group>"; };
		B0B3F5461F95236B00AB08A0 /* OrPlus.h */ = {isa = PBXFileReference; lastKnownFileType = sourcecode.c.h; path = OrPlus.h; sourceTree = "<group>"; };
		B0B3F5471F95236B00AB08A0 /* SugenoDefuzz.h */ = {isa = PBXFileReference; lastKnownFileType = sourcecode.c.h; path = SugenoDefuzz.h; sourceTree = "<group>"; };
		B0B3F5481F95236B00AB08A0 /* FuzzyTests.cpp */ = {isa = PBXFileReference; lastKnownFileType = sourcecode.cpp.cpp; path = FuzzyTests.cpp; sourceTree = "<group>"; };
		B0B3F5491F95236B00AB08A0 /* ThenMin.h */ = {isa = PBXFileReference; lastKnownFileType = sourcecode.c.h; path = ThenMin.h; sourceTree = "<group>"; };
		B0B3F54A1F95236B00AB08A0 /* ThenSugeno.h */ = {isa = PBXFileReference; lastKnownFileType = sourcecode.c.h; path = ThenSugeno.h; sourceTree = "<group>"; };
		B0B3F54B1F95237400AB08A0 /* MainFuzzy.cpp */ = {isa = PBXFileReference; lastKnownFileType = sourcecode.cpp.cpp; path = MainFuzzy.cpp; sourceTree = "<group>"; };
		B0B3F54D1F95237400AB08A0 /* GlobalTests.cpp */ = {isa = PBXFileReference; lastKnownFileType = sourcecode.cpp.cpp; path = GlobalTests.cpp; sourceTree = "<group>"; };
		B0B3F54E1F95237400AB08A0 /* FuzzyLogic.cpp */ = {isa = PBXFileReference; lastKnownFileType = sourcecode.cpp.cpp; path = FuzzyLogic.cpp; sourceTree = "<group>"; };
		B0B3F54F1F95237400AB08A0 /* Tests.h */ = {isa = PBXFileReference; lastKnownFileType = sourcecode.c.h; path = Tests.h; sourceTree = "<group>"; };
		B0B3F59E1F9529DD00AB08A0 /* SugenoConclusion.h */ = {isa = PBXFileReference; lastKnownFileType = sourcecode.c.h; path = SugenoConclusion.h; sourceTree = "<group>"; };
		B0BD34251F94F9B2004F4800 /* FuzzyLogicFrameWork */ = {isa = PBXFileReference; explicitFileType = "compiled.mach-o.executable"; includeInIndex = 0; path = FuzzyLogicFrameWork; sourceTree = BUILT_PRODUCTS_DIR; };
/* End PBXFileReference section */

/* Begin PBXFrameworksBuildPhase section */
		B0BD34221F94F9B2004F4800 /* Frameworks */ = {
			isa = PBXFrameworksBuildPhase;
			buildActionMask = 2147483647;
			files = (
			);
			runOnlyForDeploymentPostprocessing = 0;
		};
/* End PBXFrameworksBuildPhase section */

/* Begin PBXGroup section */
		B0B3F5261F95232100AB08A0 /* Core */ = {
			isa = PBXGroup;
			children = (
				B0B3F5271F95232100AB08A0 /* BinaryExpression.h */,
				B0B3F5281F95232100AB08A0 /* BinaryExpressionModel.h */,
				B0B3F5291F95232100AB08A0 /* BinaryShadowExpression.h */,
				B0B3F52A1F95232100AB08A0 /* CogDefuzz.h */,
				B0B3F52B1F95232100AB08A0 /* Evaluator.h */,
				B0B3F52C1F95232100AB08A0 /* Expression.h */,
				B0B3F52D1F95232100AB08A0 /* ExpressionFactory.h */,
				B0B3F52E1F95232100AB08A0 /* FuzzyFactory.h */,
				B0B3F52F1F95232100AB08A0 /* MandaniDefuzz.h */,
				B0B3F5301F95232100AB08A0 /* NaryExpression.h */,
				B0ADEE911F960718007553AA /* NaryShadowExpression.h */,
				B0B3F5311F95232100AB08A0 /* NaryExpressionModel.h */,
				B0B3F5331F95232100AB08A0 /* UnaryExpression.h */,
				B0B3F5341F95232100AB08A0 /* UnaryExpressionModel.h */,
				B0B3F5351F95232100AB08A0 /* UnaryShadowExpression.h */,
				B0B3F5361F95232100AB08A0 /* ValueModel.h */,
			);
			path = Core;
			sourceTree = "<group>";
		};
		B0B3F5381F95236B00AB08A0 /* Fuzzy */ = {
			isa = PBXGroup;
			children = (
				B0B3F5391F95236B00AB08A0 /* AggMax.h */,
				B0B3F53A1F95236B00AB08A0 /* AggPlus.h */,
				B0B3F53B1F95236B00AB08A0 /* AndMin.h */,
				B0B3F53C1F95236B00AB08A0 /* IsBell.h */,
				B0B3F53D1F95236B00AB08A0 /* IsGauss.h */,
				B0B3F53E1F95236B00AB08A0 /* IsTrapeze.h */,
				B0B3F53F1F95236B00AB08A0 /* IsTrapezeLeft.h */,
				B0B3F5401F95236B00AB08A0 /* IsTrapezeRight.h */,
				B0B3F5411F95236B00AB08A0 /* IsTriangle.h */,
				B0B3F5421F95236B00AB08A0 /* IsZshaped.h */,
				B0B3F5431F95236B00AB08A0 /* NotMinus1.h */,
				B0B3F5441F95236B00AB08A0 /* Operators.h */,
				B0B3F5451F95236B00AB08A0 /* OrMax.h */,
				B0B3F5461F95236B00AB08A0 /* OrPlus.h */,
				B0B3F5471F95236B00AB08A0 /* SugenoDefuzz.h */,
				B0B3F5491F95236B00AB08A0 /* ThenMin.h */,
				B0B3F59E1F9529DD00AB08A0 /* SugenoConclusion.h */,
				B0B3F54A1F95236B00AB08A0 /* ThenSugeno.h */,
			);
			path = Fuzzy;
			sourceTree = "<group>";
		};
		B0BD341C1F94F9B2004F4800 = {
			isa = PBXGroup;
			children = (
				B0BD34271F94F9B2004F4800 /* FuzzyLogicFrameWork */,
				B0BD34261F94F9B2004F4800 /* Products */,
			);
			sourceTree = "<group>";
		};
		B0BD34261F94F9B2004F4800 /* Products */ = {
			isa = PBXGroup;
			children = (
				B0BD34251F94F9B2004F4800 /* FuzzyLogicFrameWork */,
			);
			name = Products;
			sourceTree = "<group>";
		};
		B0BD34271F94F9B2004F4800 /* FuzzyLogicFrameWork */ = {
			isa = PBXGroup;
			children = (
				B0B3F5251F95231E00AB08A0 /* ASSERT.h */,
				B0B3F54E1F95237400AB08A0 /* FuzzyLogic.cpp */,
				B0B3F54D1F95237400AB08A0 /* GlobalTests.cpp */,
				B0B3F54B1F95237400AB08A0 /* MainFuzzy.cpp */,
				B0B3F54F1F95237400AB08A0 /* Tests.h */,
				B0B3F5321F95232100AB08A0 /* CoreTests.cpp */,
				B0B3F5481F95236B00AB08A0 /* FuzzyTests.cpp */,
				B0B3F5381F95236B00AB08A0 /* Fuzzy */,
				B0B3F5261F95232100AB08A0 /* Core */,
			);
			path = FuzzyLogicFrameWork;
			sourceTree = "<group>";
		};
/* End PBXGroup section */

/* Begin PBXNativeTarget section */
		B0BD34241F94F9B2004F4800 /* FuzzyLogicFrameWork */ = {
			isa = PBXNativeTarget;
			buildConfigurationList = B0BD342C1F94F9B2004F4800 /* Build configuration list for PBXNativeTarget "FuzzyLogicFrameWork" */;
			buildPhases = (
				B0BD34211F94F9B2004F4800 /* Sources */,
				B0BD34221F94F9B2004F4800 /* Frameworks */,
				B0BD34231F94F9B2004F4800 /* CopyFiles */,
			);
			buildRules = (
			);
			dependencies = (
			);
			name = FuzzyLogicFrameWork;
			productName = FuzzyLogicFrameWork;
			productReference = B0BD34251F94F9B2004F4800 /* FuzzyLogicFrameWork */;
			productType = "com.apple.product-type.tool";
		};
/* End PBXNativeTarget section */

/* Begin PBXProject section */
		B0BD341D1F94F9B2004F4800 /* Project object */ = {
			isa = PBXProject;
			attributes = {
				LastUpgradeCheck = 0900;
				ORGANIZATIONNAME = "Nabil Lahlali";
				TargetAttributes = {
					B0BD34241F94F9B2004F4800 = {
						CreatedOnToolsVersion = 9.0;
						ProvisioningStyle = Automatic;
					};
				};
			};
			buildConfigurationList = B0BD34201F94F9B2004F4800 /* Build configuration list for PBXProject "FuzzyLogicFrameWork" */;
			compatibilityVersion = "Xcode 8.0";
			developmentRegion = en;
			hasScannedForEncodings = 0;
			knownRegions = (
				en,
			);
			mainGroup = B0BD341C1F94F9B2004F4800;
			productRefGroup = B0BD34261F94F9B2004F4800 /* Products */;
			projectDirPath = "";
			projectRoot = "";
			targets = (
				B0BD34241F94F9B2004F4800 /* FuzzyLogicFrameWork */,
			);
		};
/* End PBXProject section */

/* Begin PBXSourcesBuildPhase section */
		B0BD34211F94F9B2004F4800 /* Sources */ = {
			isa = PBXSourcesBuildPhase;
			buildActionMask = 2147483647;
			files = (
				B0C0AE2D1F9549DE000D165F /* FuzzyTests.cpp in Sources */,
				B0B3F5561F95243500AB08A0 /* FuzzyLogic.cpp in Sources */,
				B0C0AE2E1F955A12000D165F /* CoreTests.cpp in Sources */,
				B0B3F5501F95237500AB08A0 /* MainFuzzy.cpp in Sources */,
			);
			runOnlyForDeploymentPostprocessing = 0;
		};
/* End PBXSourcesBuildPhase section */

/* Begin XCBuildConfiguration section */
		B0BD342A1F94F9B2004F4800 /* Debug */ = {
			isa = XCBuildConfiguration;
			buildSettings = {
				ALWAYS_SEARCH_USER_PATHS = NO;
				CLANG_ANALYZER_NONNULL = YES;
				CLANG_ANALYZER_NUMBER_OBJECT_CONVERSION = YES_AGGRESSIVE;
				CLANG_CXX_LANGUAGE_STANDARD = "gnu++14";
				CLANG_CXX_LIBRARY = "libc++";
				CLANG_ENABLE_MODULES = YES;
				CLANG_ENABLE_OBJC_ARC = YES;
				CLANG_WARN_BLOCK_CAPTURE_AUTORELEASING = YES;
				CLANG_WARN_BOOL_CONVERSION = YES;
				CLANG_WARN_COMMA = YES;
				CLANG_WARN_CONSTANT_CONVERSION = YES;
				CLANG_WARN_DIRECT_OBJC_ISA_USAGE = YES_ERROR;
				CLANG_WARN_DOCUMENTATION_COMMENTS = YES;
				CLANG_WARN_EMPTY_BODY = YES;
				CLANG_WARN_ENUM_CONVERSION = YES;
				CLANG_WARN_INFINITE_RECURSION = YES;
				CLANG_WARN_INT_CONVERSION = YES;
				CLANG_WARN_NON_LITERAL_NULL_CONVERSION = YES;
				CLANG_WARN_OBJC_LITERAL_CONVERSION = YES;
				CLANG_WARN_OBJC_ROOT_CLASS = YES_ERROR;
				CLANG_WARN_RANGE_LOOP_ANALYSIS = YES;
				CLANG_WARN_STRICT_PROTOTYPES = YES;
				CLANG_WARN_SUSPICIOUS_MOVE = YES;
				CLANG_WARN_UNGUARDED_AVAILABILITY = YES_AGGRESSIVE;
				CLANG_WARN_UNREACHABLE_CODE = YES;
				CLANG_WARN__DUPLICATE_METHOD_MATCH = YES;
				CODE_SIGN_IDENTITY = "-";
				COPY_PHASE_STRIP = NO;
				DEBUG_INFORMATION_FORMAT = dwarf;
				ENABLE_STRICT_OBJC_MSGSEND = YES;
				ENABLE_TESTABILITY = YES;
				GCC_C_LANGUAGE_STANDARD = gnu11;
				GCC_DYNAMIC_NO_PIC = NO;
				GCC_NO_COMMON_BLOCKS = YES;
				GCC_OPTIMIZATION_LEVEL = 0;
				GCC_PREPROCESSOR_DEFINITIONS = (
					"DEBUG=1",
					"$(inherited)",
				);
				GCC_WARN_64_TO_32_BIT_CONVERSION = YES;
				GCC_WARN_ABOUT_RETURN_TYPE = YES_ERROR;
				GCC_WARN_UNDECLARED_SELECTOR = YES;
				GCC_WARN_UNINITIALIZED_AUTOS = YES_AGGRESSIVE;
				GCC_WARN_UNUSED_FUNCTION = YES;
				GCC_WARN_UNUSED_VARIABLE = YES;
				MACOSX_DEPLOYMENT_TARGET = 10.12;
				MTL_ENABLE_DEBUG_INFO = YES;
				ONLY_ACTIVE_ARCH = YES;
				SDKROOT = macosx;
			};
			name = Debug;
		};
		B0BD342B1F94F9B2004F4800 /* Release */ = {
			isa = XCBuildConfiguration;
			buildSettings = {
				ALWAYS_SEARCH_USER_PATHS = NO;
				CLANG_ANALYZER_NONNULL = YES;
				CLANG_ANALYZER_NUMBER_OBJECT_CONVERSION = YES_AGGRESSIVE;
				CLANG_CXX_LANGUAGE_STANDARD = "gnu++14";
				CLANG_CXX_LIBRARY = "libc++";
				CLANG_ENABLE_MODULES = YES;
				CLANG_ENABLE_OBJC_ARC = YES;
				CLANG_WARN_BLOCK_CAPTURE_AUTORELEASING = YES;
				CLANG_WARN_BOOL_CONVERSION = YES;
				CLANG_WARN_COMMA = YES;
				CLANG_WARN_CONSTANT_CONVERSION = YES;
				CLANG_WARN_DIRECT_OBJC_ISA_USAGE = YES_ERROR;
				CLANG_WARN_DOCUMENTATION_COMMENTS = YES;
				CLANG_WARN_EMPTY_BODY = YES;
				CLANG_WARN_ENUM_CONVERSION = YES;
				CLANG_WARN_INFINITE_RECURSION = YES;
				CLANG_WARN_INT_CONVERSION = YES;
				CLANG_WARN_NON_LITERAL_NULL_CONVERSION = YES;
				CLANG_WARN_OBJC_LITERAL_CONVERSION = YES;
				CLANG_WARN_OBJC_ROOT_CLASS = YES_ERROR;
				CLANG_WARN_RANGE_LOOP_ANALYSIS = YES;
				CLANG_WARN_STRICT_PROTOTYPES = YES;
				CLANG_WARN_SUSPICIOUS_MOVE = YES;
				CLANG_WARN_UNGUARDED_AVAILABILITY = YES_AGGRESSIVE;
				CLANG_WARN_UNREACHABLE_CODE = YES;
				CLANG_WARN__DUPLICATE_METHOD_MATCH = YES;
				CODE_SIGN_IDENTITY = "-";
				COPY_PHASE_STRIP = NO;
				DEBUG_INFORMATION_FORMAT = "dwarf-with-dsym";
				ENABLE_NS_ASSERTIONS = NO;
				ENABLE_STRICT_OBJC_MSGSEND = YES;
				GCC_C_LANGUAGE_STANDARD = gnu11;
				GCC_NO_COMMON_BLOCKS = YES;
				GCC_WARN_64_TO_32_BIT_CONVERSION = YES;
				GCC_WARN_ABOUT_RETURN_TYPE = YES_ERROR;
				GCC_WARN_UNDECLARED_SELECTOR = YES;
				GCC_WARN_UNINITIALIZED_AUTOS = YES_AGGRESSIVE;
				GCC_WARN_UNUSED_FUNCTION = YES;
				GCC_WARN_UNUSED_VARIABLE = YES;
				MACOSX_DEPLOYMENT_TARGET = 10.12;
				MTL_ENABLE_DEBUG_INFO = NO;
				SDKROOT = macosx;
			};
			name = Release;
		};
		B0BD342D1F94F9B2004F4800 /* Debug */ = {
			isa = XCBuildConfiguration;
			buildSettings = {
				CODE_SIGN_STYLE = Automatic;
				PRODUCT_NAME = "$(TARGET_NAME)";
			};
			name = Debug;
		};
		B0BD342E1F94F9B2004F4800 /* Release */ = {
			isa = XCBuildConfiguration;
			buildSettings = {
				CODE_SIGN_STYLE = Automatic;
				PRODUCT_NAME = "$(TARGET_NAME)";
			};
			name = Release;
		};
/* End XCBuildConfiguration section */

/* Begin XCConfigurationList section */
		B0BD34201F94F9B2004F4800 /* Build configuration list for PBXProject "FuzzyLogicFrameWork" */ = {
			isa = XCConfigurationList;
			buildConfigurations = (
				B0BD342A1F94F9B2004F4800 /* Debug */,
				B0BD342B1F94F9B2004F4800 /* Release */,
			);
			defaultConfigurationIsVisible = 0;
			defaultConfigurationName = Release;
		};
		B0BD342C1F94F9B2004F4800 /* Build configuration list for PBXNativeTarget "FuzzyLogicFrameWork" */ = {
			isa = XCConfigurationList;
			buildConfigurations = (
				B0BD342D1F94F9B2004F4800 /* Debug */,
				B0BD342E1F94F9B2004F4800 /* Release */,
			);
			defaultConfigurationIsVisible = 0;
			defaultConfigurationName = Release;
		};
/* End XCConfigurationList section */
	};
	rootObject = B0BD341D1F94F9B2004F4800 /* Project object */;
}
